// !$*UTF8*$!
{
	archiveVersion = 1;
	classes = {
	};
	objectVersion = 50;
	objects = {

/* Begin PBXBuildFile section */
		344CD16723C9BC6F00A368DA /* AppDelegate.swift in Sources */ = {isa = PBXBuildFile; fileRef = 344CD16623C9BC6F00A368DA /* AppDelegate.swift */; };
		344CD16923C9BC6F00A368DA /* SceneDelegate.swift in Sources */ = {isa = PBXBuildFile; fileRef = 344CD16823C9BC6F00A368DA /* SceneDelegate.swift */; };
		344CD16B23C9BC6F00A368DA /* LandmarkDetail.swift in Sources */ = {isa = PBXBuildFile; fileRef = 344CD16A23C9BC6F00A368DA /* LandmarkDetail.swift */; };
		344CD16D23C9BC7100A368DA /* Assets.xcassets in Resources */ = {isa = PBXBuildFile; fileRef = 344CD16C23C9BC7100A368DA /* Assets.xcassets */; };
		344CD17023C9BC7100A368DA /* Preview Assets.xcassets in Resources */ = {isa = PBXBuildFile; fileRef = 344CD16F23C9BC7100A368DA /* Preview Assets.xcassets */; };
		344CD17323C9BC7100A368DA /* LaunchScreen.storyboard in Resources */ = {isa = PBXBuildFile; fileRef = 344CD17123C9BC7100A368DA /* LaunchScreen.storyboard */; };
		344CD17B23C9C4E600A368DA /* CircleImage.swift in Sources */ = {isa = PBXBuildFile; fileRef = 344CD17A23C9C4E600A368DA /* CircleImage.swift */; };
		344CD17D23C9C83F00A368DA /* MapView.swift in Sources */ = {isa = PBXBuildFile; fileRef = 344CD17C23C9C83F00A368DA /* MapView.swift */; };
		344CD18423C9D43300A368DA /* LandMark.swift in Sources */ = {isa = PBXBuildFile; fileRef = 344CD18323C9D43300A368DA /* LandMark.swift */; };
		344CD18623C9D7BE00A368DA /* Data.swift in Sources */ = {isa = PBXBuildFile; fileRef = 344CD18523C9D7BD00A368DA /* Data.swift */; };
		344CD19523C9D82B00A368DA /* turtlerock.jpg in Resources */ = {isa = PBXBuildFile; fileRef = 344CD18823C9D82B00A368DA /* turtlerock.jpg */; };
		344CD19623C9D82B00A368DA /* silversalmoncreek.jpg in Resources */ = {isa = PBXBuildFile; fileRef = 344CD18923C9D82B00A368DA /* silversalmoncreek.jpg */; };
		344CD19723C9D82C00A368DA /* icybay.jpg in Resources */ = {isa = PBXBuildFile; fileRef = 344CD18A23C9D82B00A368DA /* icybay.jpg */; };
		344CD19823C9D82C00A368DA /* lakemcdonald.jpg in Resources */ = {isa = PBXBuildFile; fileRef = 344CD18B23C9D82B00A368DA /* lakemcdonald.jpg */; };
		344CD19923C9D82C00A368DA /* hiddenlake.jpg in Resources */ = {isa = PBXBuildFile; fileRef = 344CD18C23C9D82B00A368DA /* hiddenlake.jpg */; };
		344CD19A23C9D82C00A368DA /* twinlake.jpg in Resources */ = {isa = PBXBuildFile; fileRef = 344CD18D23C9D82B00A368DA /* twinlake.jpg */; };
		344CD19B23C9D82C00A368DA /* umbagog.jpg in Resources */ = {isa = PBXBuildFile; fileRef = 344CD18E23C9D82B00A368DA /* umbagog.jpg */; };
		344CD19C23C9D82C00A368DA /* landmarkData.json in Resources */ = {isa = PBXBuildFile; fileRef = 344CD18F23C9D82B00A368DA /* landmarkData.json */; };
		344CD19D23C9D82C00A368DA /* chincoteague.jpg in Resources */ = {isa = PBXBuildFile; fileRef = 344CD19023C9D82B00A368DA /* chincoteague.jpg */; };
		344CD19E23C9D82C00A368DA /* yukon_charleyrivers.jpg in Resources */ = {isa = PBXBuildFile; fileRef = 344CD19123C9D82B00A368DA /* yukon_charleyrivers.jpg */; };
		344CD19F23C9D82C00A368DA /* stmarylake.jpg in Resources */ = {isa = PBXBuildFile; fileRef = 344CD19223C9D82B00A368DA /* stmarylake.jpg */; };
		344CD1A023C9D82C00A368DA /* chilkoottrail.jpg in Resources */ = {isa = PBXBuildFile; fileRef = 344CD19323C9D82B00A368DA /* chilkoottrail.jpg */; };
		344CD1A123C9D82C00A368DA /* rainbowlake.jpg in Resources */ = {isa = PBXBuildFile; fileRef = 344CD19423C9D82B00A368DA /* rainbowlake.jpg */; };
		344CD1A323C9E54800A368DA /* LandmarkRow.swift in Sources */ = {isa = PBXBuildFile; fileRef = 344CD1A223C9E54800A368DA /* LandmarkRow.swift */; };
		344CD1A523CA07D500A368DA /* LandmarkList.swift in Sources */ = {isa = PBXBuildFile; fileRef = 344CD1A423CA07D500A368DA /* LandmarkList.swift */; };
		344CD1A923CAC98200A368DA /* UserData.swift in Sources */ = {isa = PBXBuildFile; fileRef = 344CD1A823CAC98200A368DA /* UserData.swift */; };
		344CD1AF23CAD0B800A368DA /* charleyrivers.jpg in Resources */ = {isa = PBXBuildFile; fileRef = 344CD1AE23CAD0B800A368DA /* charleyrivers.jpg */; };
/* End PBXBuildFile section */

/* Begin PBXFileReference section */
		344CD16323C9BC6F00A368DA /* TestSwiftUI2.app */ = {isa = PBXFileReference; explicitFileType = wrapper.application; includeInIndex = 0; path = TestSwiftUI2.app; sourceTree = BUILT_PRODUCTS_DIR; };
		344CD16623C9BC6F00A368DA /* AppDelegate.swift */ = {isa = PBXFileReference; lastKnownFileType = sourcecode.swift; path = AppDelegate.swift; sourceTree = "<group>"; };
		344CD16823C9BC6F00A368DA /* SceneDelegate.swift */ = {isa = PBXFileReference; lastKnownFileType = sourcecode.swift; path = SceneDelegate.swift; sourceTree = "<group>"; };
		344CD16A23C9BC6F00A368DA /* LandmarkDetail.swift */ = {isa = PBXFileReference; lastKnownFileType = sourcecode.swift; path = LandmarkDetail.swift; sourceTree = "<group>"; };
		344CD16C23C9BC7100A368DA /* Assets.xcassets */ = {isa = PBXFileReference; lastKnownFileType = folder.assetcatalog; path = Assets.xcassets; sourceTree = "<group>"; };
		344CD16F23C9BC7100A368DA /* Preview Assets.xcassets */ = {isa = PBXFileReference; lastKnownFileType = folder.assetcatalog; path = "Preview Assets.xcassets"; sourceTree = "<group>"; };
		344CD17223C9BC7100A368DA /* Base */ = {isa = PBXFileReference; lastKnownFileType = file.storyboard; name = Base; path = Base.lproj/LaunchScreen.storyboard; sourceTree = "<group>"; };
		344CD17423C9BC7100A368DA /* Info.plist */ = {isa = PBXFileReference; lastKnownFileType = text.plist.xml; path = Info.plist; sourceTree = "<group>"; };
		344CD17A23C9C4E600A368DA /* CircleImage.swift */ = {isa = PBXFileReference; lastKnownFileType = sourcecode.swift; path = CircleImage.swift; sourceTree = "<group>"; };
		344CD17C23C9C83F00A368DA /* MapView.swift */ = {isa = PBXFileReference; lastKnownFileType = sourcecode.swift; path = MapView.swift; sourceTree = "<group>"; };
		344CD18323C9D43300A368DA /* LandMark.swift */ = {isa = PBXFileReference; lastKnownFileType = sourcecode.swift; path = LandMark.swift; sourceTree = "<group>"; };
		344CD18523C9D7BD00A368DA /* Data.swift */ = {isa = PBXFileReference; fileEncoding = 4; lastKnownFileType = sourcecode.swift; path = Data.swift; sourceTree = "<group>"; };
		344CD18823C9D82B00A368DA /* turtlerock.jpg */ = {isa = PBXFileReference; lastKnownFileType = image.jpeg; path = turtlerock.jpg; sourceTree = "<group>"; };
		344CD18923C9D82B00A368DA /* silversalmoncreek.jpg */ = {isa = PBXFileReference; lastKnownFileType = image.jpeg; path = silversalmoncreek.jpg; sourceTree = "<group>"; };
		344CD18A23C9D82B00A368DA /* icybay.jpg */ = {isa = PBXFileReference; lastKnownFileType = image.jpeg; path = icybay.jpg; sourceTree = "<group>"; };
		344CD18B23C9D82B00A368DA /* lakemcdonald.jpg */ = {isa = PBXFileReference; lastKnownFileType = image.jpeg; path = lakemcdonald.jpg; sourceTree = "<group>"; };
		344CD18C23C9D82B00A368DA /* hiddenlake.jpg */ = {isa = PBXFileReference; lastKnownFileType = image.jpeg; path = hiddenlake.jpg; sourceTree = "<group>"; };
		344CD18D23C9D82B00A368DA /* twinlake.jpg */ = {isa = PBXFileReference; lastKnownFileType = image.jpeg; path = twinlake.jpg; sourceTree = "<group>"; };
		344CD18E23C9D82B00A368DA /* umbagog.jpg */ = {isa = PBXFileReference; lastKnownFileType = image.jpeg; path = umbagog.jpg; sourceTree = "<group>"; };
		344CD18F23C9D82B00A368DA /* landmarkData.json */ = {isa = PBXFileReference; fileEncoding = 4; lastKnownFileType = text.json; path = landmarkData.json; sourceTree = "<group>"; };
		344CD19023C9D82B00A368DA /* chincoteague.jpg */ = {isa = PBXFileReference; lastKnownFileType = image.jpeg; path = chincoteague.jpg; sourceTree = "<group>"; };
		344CD19123C9D82B00A368DA /* yukon_charleyrivers.jpg */ = {isa = PBXFileReference; lastKnownFileType = image.jpeg; path = yukon_charleyrivers.jpg; sourceTree = "<group>"; };
		344CD19223C9D82B00A368DA /* stmarylake.jpg */ = {isa = PBXFileReference; lastKnownFileType = image.jpeg; path = stmarylake.jpg; sourceTree = "<group>"; };
		344CD19323C9D82B00A368DA /* chilkoottrail.jpg */ = {isa = PBXFileReference; lastKnownFileType = image.jpeg; path = chilkoottrail.jpg; sourceTree = "<group>"; };
		344CD19423C9D82B00A368DA /* rainbowlake.jpg */ = {isa = PBXFileReference; lastKnownFileType = image.jpeg; path = rainbowlake.jpg; sourceTree = "<group>"; };
		344CD1A223C9E54800A368DA /* LandmarkRow.swift */ = {isa = PBXFileReference; lastKnownFileType = sourcecode.swift; path = LandmarkRow.swift; sourceTree = "<group>"; };
		344CD1A423CA07D500A368DA /* LandmarkList.swift */ = {isa = PBXFileReference; lastKnownFileType = sourcecode.swift; path = LandmarkList.swift; sourceTree = "<group>"; };
		344CD1A823CAC98200A368DA /* UserData.swift */ = {isa = PBXFileReference; lastKnownFileType = sourcecode.swift; path = UserData.swift; sourceTree = "<group>"; };
		344CD1AE23CAD0B800A368DA /* charleyrivers.jpg */ = {isa = PBXFileReference; lastKnownFileType = image.jpeg; path = charleyrivers.jpg; sourceTree = "<group>"; };
/* End PBXFileReference section */

/* Begin PBXFrameworksBuildPhase section */
		344CD16023C9BC6E00A368DA /* Frameworks */ = {
			isa = PBXFrameworksBuildPhase;
			buildActionMask = 2147483647;
			files = (
			);
			runOnlyForDeploymentPostprocessing = 0;
		};
/* End PBXFrameworksBuildPhase section */

/* Begin PBXGroup section */
		344CD15A23C9BC6E00A368DA = {
			isa = PBXGroup;
			children = (
				344CD16523C9BC6F00A368DA /* TestSwiftUI2 */,
				344CD16423C9BC6F00A368DA /* Products */,
			);
			sourceTree = "<group>";
		};
		344CD16423C9BC6F00A368DA /* Products */ = {
			isa = PBXGroup;
			children = (
				344CD16323C9BC6F00A368DA /* TestSwiftUI2.app */,
			);
			name = Products;
			sourceTree = "<group>";
		};
		344CD16523C9BC6F00A368DA /* TestSwiftUI2 */ = {
			isa = PBXGroup;
			children = (
				344CD17E23C9D13300A368DA /* Model */,
				344CD16623C9BC6F00A368DA /* AppDelegate.swift */,
				344CD16823C9BC6F00A368DA /* SceneDelegate.swift */,
				344CD16A23C9BC6F00A368DA /* LandmarkDetail.swift */,
				344CD17A23C9C4E600A368DA /* CircleImage.swift */,
				344CD17C23C9C83F00A368DA /* MapView.swift */,
				344CD1A223C9E54800A368DA /* LandmarkRow.swift */,
				344CD1A423CA07D500A368DA /* LandmarkList.swift */,
				344CD16C23C9BC7100A368DA /* Assets.xcassets */,
				344CD17123C9BC7100A368DA /* LaunchScreen.storyboard */,
				344CD17423C9BC7100A368DA /* Info.plist */,
				344CD18723C9D82B00A368DA /* Resources */,
				344CD16E23C9BC7100A368DA /* Preview Content */,
			);
			path = TestSwiftUI2;
			sourceTree = "<group>";
		};
		344CD16E23C9BC7100A368DA /* Preview Content */ = {
			isa = PBXGroup;
			children = (
				344CD16F23C9BC7100A368DA /* Preview Assets.xcassets */,
			);
			path = "Preview Content";
			sourceTree = "<group>";
		};
		344CD17E23C9D13300A368DA /* Model */ = {
			isa = PBXGroup;
			children = (
				344CD18523C9D7BD00A368DA /* Data.swift */,
				344CD18323C9D43300A368DA /* LandMark.swift */,
				344CD1A823CAC98200A368DA /* UserData.swift */,
			);
			path = Model;
			sourceTree = "<group>";
		};
		344CD18723C9D82B00A368DA /* Resources */ = {
			isa = PBXGroup;
			children = (
				344CD18F23C9D82B00A368DA /* landmarkData.json */,
				344CD18823C9D82B00A368DA /* turtlerock.jpg */,
				344CD18923C9D82B00A368DA /* silversalmoncreek.jpg */,
				344CD18A23C9D82B00A368DA /* icybay.jpg */,
				344CD18B23C9D82B00A368DA /* lakemcdonald.jpg */,
				344CD18C23C9D82B00A368DA /* hiddenlake.jpg */,
				344CD18D23C9D82B00A368DA /* twinlake.jpg */,
				344CD18E23C9D82B00A368DA /* umbagog.jpg */,
				344CD19023C9D82B00A368DA /* chincoteague.jpg */,
				344CD19123C9D82B00A368DA /* yukon_charleyrivers.jpg */,
				344CD19223C9D82B00A368DA /* stmarylake.jpg */,
				344CD19323C9D82B00A368DA /* chilkoottrail.jpg */,
				344CD1AE23CAD0B800A368DA /* charleyrivers.jpg */,
				344CD19423C9D82B00A368DA /* rainbowlake.jpg */,
			);
			path = Resources;
			sourceTree = "<group>";
		};
/* End PBXGroup section */

/* Begin PBXNativeTarget section */
		344CD16223C9BC6E00A368DA /* TestSwiftUI2 */ = {
			isa = PBXNativeTarget;
			buildConfigurationList = 344CD17723C9BC7100A368DA /* Build configuration list for PBXNativeTarget "TestSwiftUI2" */;
			buildPhases = (
				344CD15F23C9BC6E00A368DA /* Sources */,
				344CD16023C9BC6E00A368DA /* Frameworks */,
				344CD16123C9BC6E00A368DA /* Resources */,
			);
			buildRules = (
			);
			dependencies = (
			);
			name = TestSwiftUI2;
			productName = TestSwiftUI2;
			productReference = 344CD16323C9BC6F00A368DA /* TestSwiftUI2.app */;
			productType = "com.apple.product-type.application";
		};
/* End PBXNativeTarget section */

/* Begin PBXProject section */
		344CD15B23C9BC6E00A368DA /* Project object */ = {
			isa = PBXProject;
			attributes = {
				LastSwiftUpdateCheck = 1110;
				LastUpgradeCheck = 1110;
				ORGANIZATIONNAME = "陈沛";
				TargetAttributes = {
					344CD16223C9BC6E00A368DA = {
						CreatedOnToolsVersion = 11.1;
					};
				};
			};
			buildConfigurationList = 344CD15E23C9BC6E00A368DA /* Build configuration list for PBXProject "TestSwiftUI2" */;
			compatibilityVersion = "Xcode 9.3";
			developmentRegion = en;
			hasScannedForEncodings = 0;
			knownRegions = (
				en,
				Base,
			);
			mainGroup = 344CD15A23C9BC6E00A368DA;
			productRefGroup = 344CD16423C9BC6F00A368DA /* Products */;
			projectDirPath = "";
			projectRoot = "";
			targets = (
				344CD16223C9BC6E00A368DA /* TestSwiftUI2 */,
			);
		};
/* End PBXProject section */

/* Begin PBXResourcesBuildPhase section */
		344CD16123C9BC6E00A368DA /* Resources */ = {
			isa = PBXResourcesBuildPhase;
			buildActionMask = 2147483647;
			files = (
				344CD19823C9D82C00A368DA /* lakemcdonald.jpg in Resources */,
				344CD19623C9D82B00A368DA /* silversalmoncreek.jpg in Resources */,
				344CD19C23C9D82C00A368DA /* landmarkData.json in Resources */,
				344CD19523C9D82B00A368DA /* turtlerock.jpg in Resources */,
				344CD17323C9BC7100A368DA /* LaunchScreen.storyboard in Resources */,
				344CD19B23C9D82C00A368DA /* umbagog.jpg in Resources */,
				344CD19F23C9D82C00A368DA /* stmarylake.jpg in Resources */,
				344CD1AF23CAD0B800A368DA /* charleyrivers.jpg in Resources */,
				344CD19D23C9D82C00A368DA /* chincoteague.jpg in Resources */,
				344CD17023C9BC7100A368DA /* Preview Assets.xcassets in Resources */,
				344CD19723C9D82C00A368DA /* icybay.jpg in Resources */,
				344CD19A23C9D82C00A368DA /* twinlake.jpg in Resources */,
				344CD19923C9D82C00A368DA /* hiddenlake.jpg in Resources */,
				344CD16D23C9BC7100A368DA /* Assets.xcassets in Resources */,
				344CD1A123C9D82C00A368DA /* rainbowlake.jpg in Resources */,
				344CD1A023C9D82C00A368DA /* chilkoottrail.jpg in Resources */,
				344CD19E23C9D82C00A368DA /* yukon_charleyrivers.jpg in Resources */,
			);
			runOnlyForDeploymentPostprocessing = 0;
		};
/* End PBXResourcesBuildPhase section */

/* Begin PBXSourcesBuildPhase section */
		344CD15F23C9BC6E00A368DA /* Sources */ = {
			isa = PBXSourcesBuildPhase;
			buildActionMask = 2147483647;
			files = (
				344CD18623C9D7BE00A368DA /* Data.swift in Sources */,
				344CD16723C9BC6F00A368DA /* AppDelegate.swift in Sources */,
				344CD17B23C9C4E600A368DA /* CircleImage.swift in Sources */,
				344CD17D23C9C83F00A368DA /* MapView.swift in Sources */,
				344CD1A523CA07D500A368DA /* LandmarkList.swift in Sources */,
				344CD18423C9D43300A368DA /* LandMark.swift in Sources */,
				344CD16923C9BC6F00A368DA /* SceneDelegate.swift in Sources */,
				344CD1A323C9E54800A368DA /* LandmarkRow.swift in Sources */,
				344CD1A923CAC98200A368DA /* UserData.swift in Sources */,
				344CD16B23C9BC6F00A368DA /* LandmarkDetail.swift in Sources */,
			);
			runOnlyForDeploymentPostprocessing = 0;
		};
/* End PBXSourcesBuildPhase section */

/* Begin PBXVariantGroup section */
		344CD17123C9BC7100A368DA /* LaunchScreen.storyboard */ = {
			isa = PBXVariantGroup;
			children = (
				344CD17223C9BC7100A368DA /* Base */,
			);
			name = LaunchScreen.storyboard;
			sourceTree = "<group>";
		};
/* End PBXVariantGroup section */

/* Begin XCBuildConfiguration section */
		344CD17523C9BC7100A368DA /* Debug */ = {
			isa = XCBuildConfiguration;
			buildSettings = {
				ALWAYS_SEARCH_USER_PATHS = NO;
				CLANG_ANALYZER_NONNULL = YES;
				CLANG_ANALYZER_NUMBER_OBJECT_CONVERSION = YES_AGGRESSIVE;
				CLANG_CXX_LANGUAGE_STANDARD = "gnu++14";
				CLANG_CXX_LIBRARY = "libc++";
				CLANG_ENABLE_MODULES = YES;
				CLANG_ENABLE_OBJC_ARC = YES;
				CLANG_ENABLE_OBJC_WEAK = YES;
				CLANG_WARN_BLOCK_CAPTURE_AUTORELEASING = YES;
				CLANG_WARN_BOOL_CONVERSION = YES;
				CLANG_WARN_COMMA = YES;
				CLANG_WARN_CONSTANT_CONVERSION = YES;
				CLANG_WARN_DEPRECATED_OBJC_IMPLEMENTATIONS = YES;
				CLANG_WARN_DIRECT_OBJC_ISA_USAGE = YES_ERROR;
				CLANG_WARN_DOCUMENTATION_COMMENTS = YES;
				CLANG_WARN_EMPTY_BODY = YES;
				CLANG_WARN_ENUM_CONVERSION = YES;
				CLANG_WARN_INFINITE_RECURSION = YES;
				CLANG_WARN_INT_CONVERSION = YES;
				CLANG_WARN_NON_LITERAL_NULL_CONVERSION = YES;
				CLANG_WARN_OBJC_IMPLICIT_RETAIN_SELF = YES;
				CLANG_WARN_OBJC_LITERAL_CONVERSION = YES;
				CLANG_WARN_OBJC_ROOT_CLASS = YES_ERROR;
				CLANG_WARN_RANGE_LOOP_ANALYSIS = YES;
				CLANG_WARN_STRICT_PROTOTYPES = YES;
				CLANG_WARN_SUSPICIOUS_MOVE = YES;
				CLANG_WARN_UNGUARDED_AVAILABILITY = YES_AGGRESSIVE;
				CLANG_WARN_UNREACHABLE_CODE = YES;
				CLANG_WARN__DUPLICATE_METHOD_MATCH = YES;
				COPY_PHASE_STRIP = NO;
				DEBUG_INFORMATION_FORMAT = dwarf;
				ENABLE_STRICT_OBJC_MSGSEND = YES;
				ENABLE_TESTABILITY = YES;
				GCC_C_LANGUAGE_STANDARD = gnu11;
				GCC_DYNAMIC_NO_PIC = NO;
				GCC_NO_COMMON_BLOCKS = YES;
				GCC_OPTIMIZATION_LEVEL = 0;
				GCC_PREPROCESSOR_DEFINITIONS = (
					"DEBUG=1",
					"$(inherited)",
				);
				GCC_WARN_64_TO_32_BIT_CONVERSION = YES;
				GCC_WARN_ABOUT_RETURN_TYPE = YES_ERROR;
				GCC_WARN_UNDECLARED_SELECTOR = YES;
				GCC_WARN_UNINITIALIZED_AUTOS = YES_AGGRESSIVE;
				GCC_WARN_UNUSED_FUNCTION = YES;
				GCC_WARN_UNUSED_VARIABLE = YES;
				IPHONEOS_DEPLOYMENT_TARGET = 13.1;
				MTL_ENABLE_DEBUG_INFO = INCLUDE_SOURCE;
				MTL_FAST_MATH = YES;
				ONLY_ACTIVE_ARCH = YES;
				SDKROOT = iphoneos;
				SWIFT_ACTIVE_COMPILATION_CONDITIONS = DEBUG;
				SWIFT_OPTIMIZATION_LEVEL = "-Onone";
			};
			name = Debug;
		};
		344CD17623C9BC7100A368DA /* Release */ = {
			isa = XCBuildConfiguration;
			buildSettings = {
				ALWAYS_SEARCH_USER_PATHS = NO;
				CLANG_ANALYZER_NONNULL = YES;
				CLANG_ANALYZER_NUMBER_OBJECT_CONVERSION = YES_AGGRESSIVE;
				CLANG_CXX_LANGUAGE_STANDARD = "gnu++14";
				CLANG_CXX_LIBRARY = "libc++";
				CLANG_ENABLE_MODULES = YES;
				CLANG_ENABLE_OBJC_ARC = YES;
				CLANG_ENABLE_OBJC_WEAK = YES;
				CLANG_WARN_BLOCK_CAPTURE_AUTORELEASING = YES;
				CLANG_WARN_BOOL_CONVERSION = YES;
				CLANG_WARN_COMMA = YES;
				CLANG_WARN_CONSTANT_CONVERSION = YES;
				CLANG_WARN_DEPRECATED_OBJC_IMPLEMENTATIONS = YES;
				CLANG_WARN_DIRECT_OBJC_ISA_USAGE = YES_ERROR;
				CLANG_WARN_DOCUMENTATION_COMMENTS = YES;
				CLANG_WARN_EMPTY_BODY = YES;
				CLANG_WARN_ENUM_CONVERSION = YES;
				CLANG_WARN_INFINITE_RECURSION = YES;
				CLANG_WARN_INT_CONVERSION = YES;
				CLANG_WARN_NON_LITERAL_NULL_CONVERSION = YES;
				CLANG_WARN_OBJC_IMPLICIT_RETAIN_SELF = YES;
				CLANG_WARN_OBJC_LITERAL_CONVERSION = YES;
				CLANG_WARN_OBJC_ROOT_CLASS = YES_ERROR;
				CLANG_WARN_RANGE_LOOP_ANALYSIS = YES;
				CLANG_WARN_STRICT_PROTOTYPES = YES;
				CLANG_WARN_SUSPICIOUS_MOVE = YES;
				CLANG_WARN_UNGUARDED_AVAILABILITY = YES_AGGRESSIVE;
				CLANG_WARN_UNREACHABLE_CODE = YES;
				CLANG_WARN__DUPLICATE_METHOD_MATCH = YES;
				COPY_PHASE_STRIP = NO;
				DEBUG_INFORMATION_FORMAT = "dwarf-with-dsym";
				ENABLE_NS_ASSERTIONS = NO;
				ENABLE_STRICT_OBJC_MSGSEND = YES;
				GCC_C_LANGUAGE_STANDARD = gnu11;
				GCC_NO_COMMON_BLOCKS = YES;
				GCC_WARN_64_TO_32_BIT_CONVERSION = YES;
				GCC_WARN_ABOUT_RETURN_TYPE = YES_ERROR;
				GCC_WARN_UNDECLARED_SELECTOR = YES;
				GCC_WARN_UNINITIALIZED_AUTOS = YES_AGGRESSIVE;
				GCC_WARN_UNUSED_FUNCTION = YES;
				GCC_WARN_UNUSED_VARIABLE = YES;
				IPHONEOS_DEPLOYMENT_TARGET = 13.1;
				MTL_ENABLE_DEBUG_INFO = NO;
				MTL_FAST_MATH = YES;
				SDKROOT = iphoneos;
				SWIFT_COMPILATION_MODE = wholemodule;
				SWIFT_OPTIMIZATION_LEVEL = "-O";
				VALIDATE_PRODUCT = YES;
			};
			name = Release;
		};
		344CD17823C9BC7100A368DA /* Debug */ = {
			isa = XCBuildConfiguration;
			buildSettings = {
				ASSETCATALOG_COMPILER_APPICON_NAME = AppIcon;
				CODE_SIGN_STYLE = Automatic;
				DEVELOPMENT_ASSET_PATHS = "\"TestSwiftUI2/Preview Content\"";
				DEVELOPMENT_TEAM = 642M6AJ5U3;
				ENABLE_PREVIEWS = YES;
				INFOPLIST_FILE = TestSwiftUI2/Info.plist;
				LD_RUNPATH_SEARCH_PATHS = (
					"$(inherited)",
					"@executable_path/Frameworks",
				);
				PRODUCT_BUNDLE_IDENTIFIER = cp.TestSwiftUI2;
				PRODUCT_NAME = "$(TARGET_NAME)";
				SWIFT_VERSION = 5.0;
				TARGETED_DEVICE_FAMILY = "1,2";
			};
			name = Debug;
		};
		344CD17923C9BC7100A368DA /* Release */ = {
			isa = XCBuildConfiguration;
			buildSettings = {
				ASSETCATALOG_COMPILER_APPICON_NAME = AppIcon;
				CODE_SIGN_STYLE = Automatic;
				DEVELOPMENT_ASSET_PATHS = "\"TestSwiftUI2/Preview Content\"";
				DEVELOPMENT_TEAM = 642M6AJ5U3;
				ENABLE_PREVIEWS = YES;
				INFOPLIST_FILE = TestSwiftUI2/Info.plist;
				LD_RUNPATH_SEARCH_PATHS = (
					"$(inherited)",
					"@executable_path/Frameworks",
				);
				PRODUCT_BUNDLE_IDENTIFIER = cp.TestSwiftUI2;
				PRODUCT_NAME = "$(TARGET_NAME)";
				SWIFT_VERSION = 5.0;
				TARGETED_DEVICE_FAMILY = "1,2";
			};
			name = Release;
		};
/* End XCBuildConfiguration section */

/* Begin XCConfigurationList section */
		344CD15E23C9BC6E00A368DA /* Build configuration list for PBXProject "TestSwiftUI2" */ = {
			isa = XCConfigurationList;
			buildConfigurations = (
				344CD17523C9BC7100A368DA /* Debug */,
				344CD17623C9BC7100A368DA /* Release */,
			);
			defaultConfigurationIsVisible = 0;
			defaultConfigurationName = Release;
		};
		344CD17723C9BC7100A368DA /* Build configuration list for PBXNativeTarget "TestSwiftUI2" */ = {
			isa = XCConfigurationList;
			buildConfigurations = (
				344CD17823C9BC7100A368DA /* Debug */,
				344CD17923C9BC7100A368DA /* Release */,
			);
			defaultConfigurationIsVisible = 0;
			defaultConfigurationName = Release;
		};
/* End XCConfigurationList section */
	};
	rootObject = 344CD15B23C9BC6E00A368DA /* Project object */;
}
